
Microsoft Visual Studio Solution File, Format Version 12.00
# Visual Studio Version 17
VisualStudioVersion = 17.1.32210.238
MinimumVisualStudioVersion = 10.0.40219.1
Project("{FAE04EC0-301F-11D3-BF4B-00C04F79EFBC}") = "modul8_1302200037", "modul8_1302200037\modul8_1302200037.csproj", "{1FA6BFBE-C489-4468-9A6C-C94CDDFEE472}"
EndProject
Global
	GlobalSection(SolutionConfigurationPlatforms) = preSolution
		Debug|Any CPU = Debug|Any CPU
		Release|Any CPU = Release|Any CPU
	EndGlobalSection
	GlobalSection(ProjectConfigurationPlatforms) = postSolution
		{1FA6BFBE-C489-4468-9A6C-C94CDDFEE472}.Debug|Any CPU.ActiveCfg = Debug|Any CPU
		{1FA6BFBE-C489-4468-9A6C-C94CDDFEE472}.Debug|Any CPU.Build.0 = Debug|Any CPU
		{1FA6BFBE-C489-4468-9A6C-C94CDDFEE472}.Release|Any CPU.ActiveCfg = Release|Any CPU
		{1FA6BFBE-C489-4468-9A6C-C94CDDFEE472}.Release|Any CPU.Build.0 = Release|Any CPU
	EndGlobalSection
	GlobalSection(SolutionProperties) = preSolution
		HideSolutionNode = FALSE
	EndGlobalSection
	GlobalSection(ExtensibilityGlobals) = postSolution
		SolutionGuid = {DC6325A9-8A5C-460C-9A2D-3AB533EEB7C7}
	EndGlobalSection
EndGlobal
